
Microsoft Visual Studio Solution File, Format Version 12.00
# Visual Studio Version 16
VisualStudioVersion = 16.0.29326.143
MinimumVisualStudioVersion = 10.0.40219.1
Project("{8BC9CEB8-8B4A-11D0-8D11-00A0C91BC942}") = "JSON", "msvc\JSON.vcxproj", "{F3AC7AA1-58CB-41BA-B0AB-A4F52FBD47C1}"
EndProject
Project("{8BC9CEB8-8B4A-11D0-8D11-00A0C91BC942}") = "JSON static lib", "msvc\JSON-static-lib.vcxproj", "{A82E6ECF-AD6E-441C-A24F-B64FBFF2C38D}"
EndProject
Global
	GlobalSection(SolutionConfigurationPlatforms) = preSolution
		Debug|x64 = Debug|x64
		Debug|x86 = Debug|x86
		Release|x64 = Release|x64
		Release|x86 = Release|x86
	EndGlobalSection
	GlobalSection(ProjectConfigurationPlatforms) = postSolution
		{F3AC7AA1-58CB-41BA-B0AB-A4F52FBD47C1}.Debug|x64.ActiveCfg = Debug|x64
		{F3AC7AA1-58CB-41BA-B0AB-A4F52FBD47C1}.Debug|x64.Build.0 = Debug|x64
		{F3AC7AA1-58CB-41BA-B0AB-A4F52FBD47C1}.Debug|x86.ActiveCfg = Debug|Win32
		{F3AC7AA1-58CB-41BA-B0AB-A4F52FBD47C1}.Debug|x86.Build.0 = Debug|Win32
		{F3AC7AA1-58CB-41BA-B0AB-A4F52FBD47C1}.Release|x64.ActiveCfg = Release|x64
		{F3AC7AA1-58CB-41BA-B0AB-A4F52FBD47C1}.Release|x64.Build.0 = Release|x64
		{F3AC7AA1-58CB-41BA-B0AB-A4F52FBD47C1}.Release|x86.ActiveCfg = Release|Win32
		{F3AC7AA1-58CB-41BA-B0AB-A4F52FBD47C1}.Release|x86.Build.0 = Release|Win32
		{A82E6ECF-AD6E-441C-A24F-B64FBFF2C38D}.Debug|x64.ActiveCfg = Debug|x64
		{A82E6ECF-AD6E-441C-A24F-B64FBFF2C38D}.Debug|x64.Build.0 = Debug|x64
		{A82E6ECF-AD6E-441C-A24F-B64FBFF2C38D}.Debug|x86.ActiveCfg = Debug|Win32
		{A82E6ECF-AD6E-441C-A24F-B64FBFF2C38D}.Debug|x86.Build.0 = Debug|Win32
		{A82E6ECF-AD6E-441C-A24F-B64FBFF2C38D}.Release|x64.ActiveCfg = Release|x64
		{A82E6ECF-AD6E-441C-A24F-B64FBFF2C38D}.Release|x64.Build.0 = Release|x64
		{A82E6ECF-AD6E-441C-A24F-B64FBFF2C38D}.Release|x86.ActiveCfg = Release|Win32
		{A82E6ECF-AD6E-441C-A24F-B64FBFF2C38D}.Release|x86.Build.0 = Release|Win32
	EndGlobalSection
	GlobalSection(SolutionProperties) = preSolution
		HideSolutionNode = FALSE
	EndGlobalSection
	GlobalSection(ExtensibilityGlobals) = postSolution
		SolutionGuid = {2390C047-3E7D-408D-800C-6867FDFFAA0A}
	EndGlobalSection
EndGlobal
